<?xml version="1.0" encoding="utf-8"?>
<Project ToolsVersion="4.0" xmlns="http://schemas.microsoft.com/developer/msbuild/2003">
  <ItemGroup>
    <Filter Include="Source Files">
      <UniqueIdentifier>{4FC737F1-C7A5-4376-A066-2A32D752A2FF}</UniqueIdentifier>
      <Extensions>cpp;c;cc;cxx;def;odl;idl;hpj;bat;asm;asmx</Extensions>
    </Filter>
    <Filter Include="Resource Files">
      <UniqueIdentifier>{67DA6AB6-F800-4c08-8B7A-83BB121AAD01}</UniqueIdentifier>
      <Extensions>rc;ico;cur;bmp;dlg;rc2;rct;bin;rgs;gif;jpg;jpeg;jpe;resx;tiff;tif;png;wav;mfcribbon-ms</Extensions>
    </Filter>
    <Filter Include="include">
      <UniqueIdentifier>{68d0d4a1-74ee-4532-9e0c-a4f3013a43c1}</UniqueIdentifier>
    </Filter>
  </ItemGroup>
  <ItemGroup>
    <ClCompile Include="src\UDPSocket.cpp">
      <Filter>Source Files</Filter>
    </ClCompile>
    <ClCompile Include="src\Address.cpp">
      <Filter>Source Files</Filter>
    </ClCompile>
    <ClCompile Include="src\NetInterface.cpp">
      <Filter>Source Files</Filter>
    </ClCompile>
    <ClCompile Include="src\BitStream.cpp">
      <Filter>Source Files</Filter>
    </ClCompile>
    <ClCompile Include="src\Connection.cpp">
      <Filter>Source Files</Filter>
    </ClCompile>
  </ItemGroup>
  <ItemGroup>
    <ClInclude Include="include\udpsocket\Address.h">
      <Filter>include</Filter>
    </ClInclude>
    <ClInclude Include="include\udpsocket\BitStream.h">
      <Filter>include</Filter>
    </ClInclude>
    <ClInclude Include="include\udpsocket\Connection.h">
      <Filter>include</Filter>
    </ClInclude>
    <ClInclude Include="include\udpsocket\NetInterface.h">
      <Filter>include</Filter>
    </ClInclude>
    <ClInclude Include="include\udpsocket\SocketIncludes.h">
      <Filter>include</Filter>
    </ClInclude>
    <ClInclude Include="include\udpsocket\UDPSocket.h">
      <Filter>include</Filter>
    </ClInclude>
  </ItemGroup>
</Project>